{
    "_readme": [
        "This file locks the dependencies of your project to a known state",
        "Read more about it at https://getcomposer.org/doc/01-basic-usage.md#installing-dependencies",
        "This file is @generated automatically"
    ],
    "content-hash": "f8483a6293309a6e81bb3fdf437546a7",
    "packages": [
        {
            "name": "espocrm/php-espo-api-client",
            "version": "0.1.1",
            "source": {
                "type": "git",
                "url": "https://github.com/espocrm/php-espo-api-client.git",
                "reference": "962ce6227ec47f3ec0c3a9ca2cbf6c794cb789fb"
            },
            "dist": {
                "type": "zip",
                "url": "https://api.github.com/repos/espocrm/php-espo-api-client/zipball/962ce6227ec47f3ec0c3a9ca2cbf6c794cb789fb",
                "reference": "962ce6227ec47f3ec0c3a9ca2cbf6c794cb789fb",
                "shasum": ""
            },
            "require": {
                "ext-curl": "*",
                "php": ">=8.0.0"
            },
            "require-dev": {
                "phpstan/phpstan": "^1.9",
                "phpunit/phpunit": "^9.5"
            },
            "type": "library",
            "autoload": {
                "psr-4": {
                    "Espo\\ApiClient\\": "src/"
                }
            },
            "notification-url": "https://packagist.org/downloads/",
            "license": [
                "MIT"
            ],
            "authors": [
                {
                    "name": "EspoCRM"
                }
            ],
            "description": "API client for EspoCRM.",
            "support": {
                "issues": "https://github.com/espocrm/php-espo-api-client/issues",
                "source": "https://github.com/espocrm/php-espo-api-client/tree/0.1.1"
            },
            "time": "2024-04-08T13:19:08+00:00"
        }
    ],
    "packages-dev": [],
    "aliases": [],
    "minimum-stability": "stable",
    "stability-flags": [],
    "prefer-stable": false,
    "prefer-lowest": false,
    "platform": [],
    "platform-dev": [],
    "plugin-api-version": "2.0.0"
}
